
Microsoft Visual Studio Solution File, Format Version 12.00
# Visual Studio 15
VisualStudioVersion = 15.0.28307.902
MinimumVisualStudioVersion = 10.0.40219.1
Project("{9A19103F-16F7-4668-BE54-9A1E7A4F7556}") = "WebApplication3", "WebApplication3\WebApplication3.csproj", "{D6B0B34C-7220-4E08-BB31-291DCB03C210}"
EndProject
Global
	GlobalSection(SolutionConfigurationPlatforms) = preSolution
		Debug|Any CPU = Debug|Any CPU
		Release|Any CPU = Release|Any CPU
	EndGlobalSection
	GlobalSection(ProjectConfigurationPlatforms) = postSolution
		{D6B0B34C-7220-4E08-BB31-291DCB03C210}.Debug|Any CPU.ActiveCfg = Debug|Any CPU
		{D6B0B34C-7220-4E08-BB31-291DCB03C210}.Debug|Any CPU.Build.0 = Debug|Any CPU
		{D6B0B34C-7220-4E08-BB31-291DCB03C210}.Release|Any CPU.ActiveCfg = Release|Any CPU
		{D6B0B34C-7220-4E08-BB31-291DCB03C210}.Release|Any CPU.Build.0 = Release|Any CPU
	EndGlobalSection
	GlobalSection(SolutionProperties) = preSolution
		HideSolutionNode = FALSE
	EndGlobalSection
	GlobalSection(ExtensibilityGlobals) = postSolution
		SolutionGuid = {422C585D-D924-4E51-8BEC-83C075900F0E}
	EndGlobalSection
EndGlobal
